{
  "version": 4,
  "terraform_version": "0.14.7",
  "serial": 10,
  "lineage": "0b77747e-ab77-0a8f-f96e-cda4d9c509dd",
  "outputs": {
    "filePerm": {
      "value": "0777",
      "type": "string"
    },
    "filePerm2": {
      "value": "0755",
      "type": "string"
    }
  },
  "resources": [
    {
      "module": "module.fileExtend",
      "mode": "managed",
      "type": "local_file",
      "name": "file",
      "provider": "provider[\"registry.terraform.io/hashicorp/local\"]",
      "instances": [
        {
          "schema_version": 0,
          "attributes": {
            "content": "This is the sample file for module and creates a file with file name module4.txt!!",
            "content_base64": null,
            "directory_permission": "0777",
            "file_permission": "0755",
            "filename": "./outputs/module4.txt",
            "id": "846fea42362182564d046e420b0b5679d4e587f5",
            "sensitive_content": null,
            "source": null
          },
          "sensitive_attributes": [],
          "private": "bnVsbA=="
        }
      ]
    },
    {
      "module": "module.sample_module",
      "mode": "managed",
      "type": "local_file",
      "name": "file",
      "provider": "provider[\"registry.terraform.io/hashicorp/local\"]",
      "instances": [
        {
          "schema_version": 0,
          "attributes": {
            "content": "This is the sample file for module and creates a file with file name module3.txt!!",
            "content_base64": null,
            "directory_permission": "0777",
            "file_permission": "0777",
            "filename": "./outputs/module3.txt",
            "id": "06f6a75a256a0dfc7e34e854066752874c04dbd0",
            "sensitive_content": null,
            "source": null
          },
          "sensitive_attributes": [],
          "private": "bnVsbA=="
        }
      ]
    }
  ]
}
